
Microsoft Visual Studio Solution File, Format Version 12.00
# Visual Studio Version 16
VisualStudioVersion = 16.0.30320.27
MinimumVisualStudioVersion = 10.0.40219.1
Project("{FAE04EC0-301F-11D3-BF4B-00C04F79EFBC}") = "WeekdayWeekend", "WeekdayWeekend.csproj", "{C6259145-5CBC-4FD7-B4D8-A8206C0D1027}"
EndProject
Global
	GlobalSection(SolutionConfigurationPlatforms) = preSolution
		Debug|Any CPU = Debug|Any CPU
		Release|Any CPU = Release|Any CPU
	EndGlobalSection
	GlobalSection(ProjectConfigurationPlatforms) = postSolution
		{C6259145-5CBC-4FD7-B4D8-A8206C0D1027}.Debug|Any CPU.ActiveCfg = Debug|Any CPU
		{C6259145-5CBC-4FD7-B4D8-A8206C0D1027}.Debug|Any CPU.Build.0 = Debug|Any CPU
		{C6259145-5CBC-4FD7-B4D8-A8206C0D1027}.Release|Any CPU.ActiveCfg = Release|Any CPU
		{C6259145-5CBC-4FD7-B4D8-A8206C0D1027}.Release|Any CPU.Build.0 = Release|Any CPU
	EndGlobalSection
	GlobalSection(SolutionProperties) = preSolution
		HideSolutionNode = FALSE
	EndGlobalSection
	GlobalSection(ExtensibilityGlobals) = postSolution
		SolutionGuid = {79D22154-3B64-461F-B25E-C12EA8293AFF}
	EndGlobalSection
EndGlobal
